
Microsoft Visual Studio Solution File, Format Version 12.00
# Visual Studio 15
Project("{FAE04EC0-301F-11D3-BF4B-00C04F79EFBC}") = "Assembly-CSharp", "Assembly-CSharp.csproj", "{B9733D76-0114-F5FD-FBBC-F3882AE85BD8}"
EndProject
Project("{FAE04EC0-301F-11D3-BF4B-00C04F79EFBC}") = "Assembly-CSharp-firstpass", "Assembly-CSharp-firstpass.csproj", "{A9629019-64F7-ED5B-8E65-50669427E3BE}"
EndProject
Project("{FAE04EC0-301F-11D3-BF4B-00C04F79EFBC}") = "Assembly-CSharp-Editor-firstpass", "Assembly-CSharp-Editor-firstpass.csproj", "{8304B15E-3609-CDAF-D54B-C020411E54B4}"
EndProject
Global
	GlobalSection(SolutionConfigurationPlatforms) = preSolution
		Debug|Any CPU = Debug|Any CPU
		Release|Any CPU = Release|Any CPU
	EndGlobalSection
	GlobalSection(ProjectConfigurationPlatforms) = postSolution
		{B9733D76-0114-F5FD-FBBC-F3882AE85BD8}.Debug|Any CPU.ActiveCfg = Debug|Any CPU
		{B9733D76-0114-F5FD-FBBC-F3882AE85BD8}.Debug|Any CPU.Build.0 = Debug|Any CPU
		{B9733D76-0114-F5FD-FBBC-F3882AE85BD8}.Release|Any CPU.ActiveCfg = Release|Any CPU
		{B9733D76-0114-F5FD-FBBC-F3882AE85BD8}.Release|Any CPU.Build.0 = Release|Any CPU
		{A9629019-64F7-ED5B-8E65-50669427E3BE}.Debug|Any CPU.ActiveCfg = Debug|Any CPU
		{A9629019-64F7-ED5B-8E65-50669427E3BE}.Debug|Any CPU.Build.0 = Debug|Any CPU
		{A9629019-64F7-ED5B-8E65-50669427E3BE}.Release|Any CPU.ActiveCfg = Release|Any CPU
		{A9629019-64F7-ED5B-8E65-50669427E3BE}.Release|Any CPU.Build.0 = Release|Any CPU
		{8304B15E-3609-CDAF-D54B-C020411E54B4}.Debug|Any CPU.ActiveCfg = Debug|Any CPU
		{8304B15E-3609-CDAF-D54B-C020411E54B4}.Debug|Any CPU.Build.0 = Debug|Any CPU
		{8304B15E-3609-CDAF-D54B-C020411E54B4}.Release|Any CPU.ActiveCfg = Release|Any CPU
		{8304B15E-3609-CDAF-D54B-C020411E54B4}.Release|Any CPU.Build.0 = Release|Any CPU
	EndGlobalSection
	GlobalSection(SolutionProperties) = preSolution
		HideSolutionNode = FALSE
	EndGlobalSection
EndGlobal
